
Microsoft Visual Studio Solution File, Format Version 12.00
Project("{FAE04EC0-301F-11D3-BF4B-00C04F79EFBC}") = "EssayAnalizer.API", "EssayAnalizer.API\EssayAnalizer.API.csproj", "{DA5CC5ED-CEFB-4A84-93A5-6A6DCFEAD4CD}"
EndProject
Global
	GlobalSection(SolutionConfigurationPlatforms) = preSolution
		Debug|Any CPU = Debug|Any CPU
		Release|Any CPU = Release|Any CPU
	EndGlobalSection
	GlobalSection(ProjectConfigurationPlatforms) = postSolution
		{DA5CC5ED-CEFB-4A84-93A5-6A6DCFEAD4CD}.Debug|Any CPU.ActiveCfg = Debug|Any CPU
		{DA5CC5ED-CEFB-4A84-93A5-6A6DCFEAD4CD}.Debug|Any CPU.Build.0 = Debug|Any CPU
		{DA5CC5ED-CEFB-4A84-93A5-6A6DCFEAD4CD}.Release|Any CPU.ActiveCfg = Release|Any CPU
		{DA5CC5ED-CEFB-4A84-93A5-6A6DCFEAD4CD}.Release|Any CPU.Build.0 = Release|Any CPU
	EndGlobalSection
EndGlobal
